<?xml version="1.0" encoding="UTF-8"?>
<Project ToolsVersion="14.0" xmlns="http://schemas.microsoft.com/developer/msbuild/2003">
  <ItemGroup>
    <CustomBuild Include="D:\Documents\Documentos\GitHub\Pong\CMakeFiles\3940572a3a70bdf392e216cef727d195\INSTALL_force.rule">
      <Filter>CMake Rules</Filter>
    </CustomBuild>
  </ItemGroup>
  <ItemGroup>
    <Filter Include="CMake Rules">
      <UniqueIdentifier>{84B02C05-0F30-33CA-933D-B410A6DB8BB6}</UniqueIdentifier>
    </Filter>
  </ItemGroup>
</Project>
