<?xml version="1.0" encoding="utf-8"?>
<Project ToolsVersion="14.0" xmlns="http://schemas.microsoft.com/developer/msbuild/2003">
  <ItemGroup>
    <ClCompile Include="D:\Documents\Documentos\GitHub\Pong\main.cpp">
      <Filter>Source Files</Filter>
    </ClCompile>
    <ClCompile Include="main2.cpp">
      <Filter>Source Files</Filter>
    </ClCompile>
    <ClCompile Include="main3.cpp">
      <Filter>Source Files</Filter>
    </ClCompile>
    <ClCompile Include="Character.cpp">
      <Filter>Source Files</Filter>
    </ClCompile>
  </ItemGroup>
  <ItemGroup>
    <CustomBuild Include="D:\Documents\Documentos\GitHub\Pong\CMakeLists.txt" />
  </ItemGroup>
  <ItemGroup>
    <None Include="D:\Documents\Documentos\GitHub\Pong\bin\CoreData" />
    <None Include="D:\Documents\Documentos\GitHub\Pong\bin\Data" />
  </ItemGroup>
  <ItemGroup>
    <Filter Include="Source Files">
      <UniqueIdentifier>{C0422EF4-DCFB-3ECA-8C01-7C5E3F5103B6}</UniqueIdentifier>
    </Filter>
  </ItemGroup>
  <ItemGroup>
    <ClInclude Include="Character.h">
      <Filter>Source Files</Filter>
    </ClInclude>
  </ItemGroup>
</Project>